
Microsoft Visual Studio Solution File, Format Version 10.00
# Visual Studio 2008
Project("{FAE04EC0-301F-11D3-BF4B-00C04F79EFBC}") = "FixAdds", "FixAdds\FixAdds.csproj", "{8A263270-4144-450C-B552-1A12B3A514FB}"
EndProject
Global
	GlobalSection(SolutionConfigurationPlatforms) = preSolution
		Debug|Any CPU = Debug|Any CPU
		Release|Any CPU = Release|Any CPU
	EndGlobalSection
	GlobalSection(ProjectConfigurationPlatforms) = postSolution
		{8A263270-4144-450C-B552-1A12B3A514FB}.Debug|Any CPU.ActiveCfg = Debug|Any CPU
		{8A263270-4144-450C-B552-1A12B3A514FB}.Debug|Any CPU.Build.0 = Debug|Any CPU
		{8A263270-4144-450C-B552-1A12B3A514FB}.Release|Any CPU.ActiveCfg = Release|Any CPU
		{8A263270-4144-450C-B552-1A12B3A514FB}.Release|Any CPU.Build.0 = Release|Any CPU
	EndGlobalSection
	GlobalSection(SolutionProperties) = preSolution
		HideSolutionNode = FALSE
	EndGlobalSection
EndGlobal
