
Microsoft Visual Studio Solution File, Format Version 11.00
# Visual Studio 2010
Project("{FAE04EC0-301F-11D3-BF4B-00C04F79EFBC}") = "ManagedHello", "Knife.csproj", "{7809DFAB-F9EF-4209-B460-A9D7C1E03551}"
EndProject
Global
	GlobalSection(SolutionConfigurationPlatforms) = preSolution
		Debug|Any CPU = Debug|Any CPU
		Release|Any CPU = Release|Any CPU
	EndGlobalSection
	GlobalSection(ProjectConfigurationPlatforms) = postSolution
		{7809DFAB-F9EF-4209-B460-A9D7C1E03551}.Debug|Any CPU.ActiveCfg = Debug|Any CPU
		{7809DFAB-F9EF-4209-B460-A9D7C1E03551}.Debug|Any CPU.Build.0 = Debug|Any CPU
		{7809DFAB-F9EF-4209-B460-A9D7C1E03551}.Release|Any CPU.ActiveCfg = Release|Any CPU
		{7809DFAB-F9EF-4209-B460-A9D7C1E03551}.Release|Any CPU.Build.0 = Release|Any CPU
	EndGlobalSection
	GlobalSection(SolutionProperties) = preSolution
		HideSolutionNode = FALSE
	EndGlobalSection
EndGlobal
